
Microsoft Visual Studio Solution File, Format Version 12.00
# Visual Studio Version 16
VisualStudioVersion = 16.0.30804.86
MinimumVisualStudioVersion = 10.0.40219.1
Project("{FAE04EC0-301F-11D3-BF4B-00C04F79EFBC}") = "UCEngine-Label-Printer", "UCEngine-Label-Printer.csproj", "{AD34CD59-ECDF-43DA-AA8E-274C0913DDA1}"
EndProject
Global
	GlobalSection(SolutionConfigurationPlatforms) = preSolution
		Debug|Any CPU = Debug|Any CPU
		Release|Any CPU = Release|Any CPU
	EndGlobalSection
	GlobalSection(ProjectConfigurationPlatforms) = postSolution
		{AD34CD59-ECDF-43DA-AA8E-274C0913DDA1}.Debug|Any CPU.ActiveCfg = Debug|Any CPU
		{AD34CD59-ECDF-43DA-AA8E-274C0913DDA1}.Debug|Any CPU.Build.0 = Debug|Any CPU
		{AD34CD59-ECDF-43DA-AA8E-274C0913DDA1}.Release|Any CPU.ActiveCfg = Release|Any CPU
		{AD34CD59-ECDF-43DA-AA8E-274C0913DDA1}.Release|Any CPU.Build.0 = Release|Any CPU
	EndGlobalSection
	GlobalSection(SolutionProperties) = preSolution
		HideSolutionNode = FALSE
	EndGlobalSection
	GlobalSection(ExtensibilityGlobals) = postSolution
		SolutionGuid = {F7E49710-BB5B-4686-8128-93B3F5B0611A}
	EndGlobalSection
EndGlobal
